
Microsoft Visual Studio Solution File, Format Version 12.00
# Visual Studio 14
VisualStudioVersion = 14.0.24720.0
MinimumVisualStudioVersion = 10.0.40219.1
Project("{FAE04EC0-301F-11D3-BF4B-00C04F79EFBC}") = "Alumn", "ClassLibrary1\Alumn.csproj", "{76CE88E0-3F24-4A59-AEB4-11F07B39EEBD}"
EndProject
Global
	GlobalSection(SolutionConfigurationPlatforms) = preSolution
		Debug|Any CPU = Debug|Any CPU
		Release|Any CPU = Release|Any CPU
	EndGlobalSection
	GlobalSection(ProjectConfigurationPlatforms) = postSolution
		{76CE88E0-3F24-4A59-AEB4-11F07B39EEBD}.Debug|Any CPU.ActiveCfg = Debug|Any CPU
		{76CE88E0-3F24-4A59-AEB4-11F07B39EEBD}.Debug|Any CPU.Build.0 = Debug|Any CPU
		{76CE88E0-3F24-4A59-AEB4-11F07B39EEBD}.Release|Any CPU.ActiveCfg = Release|Any CPU
		{76CE88E0-3F24-4A59-AEB4-11F07B39EEBD}.Release|Any CPU.Build.0 = Release|Any CPU
	EndGlobalSection
	GlobalSection(SolutionProperties) = preSolution
		HideSolutionNode = FALSE
	EndGlobalSection
	GlobalSection(ExtensibilityGlobals) = postSolution
		SolutionGuid = {828903B0-205C-44F5-9172-30C0E9CA880E}
	EndGlobalSection
EndGlobal
