
Microsoft Visual Studio Solution File, Format Version 12.00
# Visual Studio Version 16
VisualStudioVersion = 16.0.29613.14
MinimumVisualStudioVersion = 10.0.40219.1
Project("{9A19103F-16F7-4668-BE54-9A1E7A4F7556}") = "GUI", "GUI\GUI.csproj", "{A04FC5F5-17B0-420D-B4CC-0856980044F5}"
EndProject
Project("{9A19103F-16F7-4668-BE54-9A1E7A4F7556}") = "DataLayer", "DataLayer\DataLayer.csproj", "{E8C5C55D-D735-4C19-B498-2C8311E81D9C}"
EndProject
Project("{9A19103F-16F7-4668-BE54-9A1E7A4F7556}") = "BusinessLayer", "BusinessLayer\BusinessLayer.csproj", "{4A3A7D2F-C96F-4283-8F24-5B303FD3E77F}"
EndProject
Project("{FAE04EC0-301F-11D3-BF4B-00C04F79EFBC}") = "BusinessEntities", "BusinessEntities\BusinessEntities.csproj", "{6B2C8120-F395-4EC6-A611-25D98AF7F6D6}"
EndProject
Global
	GlobalSection(SolutionConfigurationPlatforms) = preSolution
		Debug|Any CPU = Debug|Any CPU
		Release|Any CPU = Release|Any CPU
	EndGlobalSection
	GlobalSection(ProjectConfigurationPlatforms) = postSolution
		{A04FC5F5-17B0-420D-B4CC-0856980044F5}.Debug|Any CPU.ActiveCfg = Debug|Any CPU
		{A04FC5F5-17B0-420D-B4CC-0856980044F5}.Debug|Any CPU.Build.0 = Debug|Any CPU
		{A04FC5F5-17B0-420D-B4CC-0856980044F5}.Release|Any CPU.ActiveCfg = Release|Any CPU
		{A04FC5F5-17B0-420D-B4CC-0856980044F5}.Release|Any CPU.Build.0 = Release|Any CPU
		{E8C5C55D-D735-4C19-B498-2C8311E81D9C}.Debug|Any CPU.ActiveCfg = Debug|Any CPU
		{E8C5C55D-D735-4C19-B498-2C8311E81D9C}.Debug|Any CPU.Build.0 = Debug|Any CPU
		{E8C5C55D-D735-4C19-B498-2C8311E81D9C}.Release|Any CPU.ActiveCfg = Release|Any CPU
		{E8C5C55D-D735-4C19-B498-2C8311E81D9C}.Release|Any CPU.Build.0 = Release|Any CPU
		{4A3A7D2F-C96F-4283-8F24-5B303FD3E77F}.Debug|Any CPU.ActiveCfg = Debug|Any CPU
		{4A3A7D2F-C96F-4283-8F24-5B303FD3E77F}.Debug|Any CPU.Build.0 = Debug|Any CPU
		{4A3A7D2F-C96F-4283-8F24-5B303FD3E77F}.Release|Any CPU.ActiveCfg = Release|Any CPU
		{4A3A7D2F-C96F-4283-8F24-5B303FD3E77F}.Release|Any CPU.Build.0 = Release|Any CPU
		{6B2C8120-F395-4EC6-A611-25D98AF7F6D6}.Debug|Any CPU.ActiveCfg = Debug|Any CPU
		{6B2C8120-F395-4EC6-A611-25D98AF7F6D6}.Debug|Any CPU.Build.0 = Debug|Any CPU
		{6B2C8120-F395-4EC6-A611-25D98AF7F6D6}.Release|Any CPU.ActiveCfg = Release|Any CPU
		{6B2C8120-F395-4EC6-A611-25D98AF7F6D6}.Release|Any CPU.Build.0 = Release|Any CPU
	EndGlobalSection
	GlobalSection(SolutionProperties) = preSolution
		HideSolutionNode = FALSE
	EndGlobalSection
	GlobalSection(ExtensibilityGlobals) = postSolution
		SolutionGuid = {828903B0-205C-44F5-9172-30C0E9CA880E}
	EndGlobalSection
EndGlobal
