
Microsoft Visual Studio Solution File, Format Version 12.00
# Visual Studio Version 16
VisualStudioVersion = 16.0.29613.14
MinimumVisualStudioVersion = 10.0.40219.1
Project("{9A19103F-16F7-4668-BE54-9A1E7A4F7556}") = "BusinessLayer", "BusinessLayer\BusinessLayer.csproj", "{5518E28B-E86C-4A26-BCCF-3B734D742763}"
EndProject
Project("{9A19103F-16F7-4668-BE54-9A1E7A4F7556}") = "DataLayer", "DataLayer\DataLayer.csproj", "{71209F18-8381-4E9F-8F79-7CE0F88D75FA}"
EndProject
Project("{9A19103F-16F7-4668-BE54-9A1E7A4F7556}") = "GUI", "GUI\GUI.csproj", "{2A7260CA-3743-4CAA-98C5-D6E49356DC4C}"
EndProject
Project("{FAE04EC0-301F-11D3-BF4B-00C04F79EFBC}") = "BusinessEntities", "BusinessEntities\BusinessEntities.csproj", "{5A6037EA-DAD8-4855-80C2-E39611128979}"
EndProject
Global
	GlobalSection(SolutionConfigurationPlatforms) = preSolution
		Debug|Any CPU = Debug|Any CPU
		Release|Any CPU = Release|Any CPU
	EndGlobalSection
	GlobalSection(ProjectConfigurationPlatforms) = postSolution
		{5518E28B-E86C-4A26-BCCF-3B734D742763}.Debug|Any CPU.ActiveCfg = Debug|Any CPU
		{5518E28B-E86C-4A26-BCCF-3B734D742763}.Debug|Any CPU.Build.0 = Debug|Any CPU
		{5518E28B-E86C-4A26-BCCF-3B734D742763}.Release|Any CPU.ActiveCfg = Release|Any CPU
		{5518E28B-E86C-4A26-BCCF-3B734D742763}.Release|Any CPU.Build.0 = Release|Any CPU
		{71209F18-8381-4E9F-8F79-7CE0F88D75FA}.Debug|Any CPU.ActiveCfg = Debug|Any CPU
		{71209F18-8381-4E9F-8F79-7CE0F88D75FA}.Debug|Any CPU.Build.0 = Debug|Any CPU
		{71209F18-8381-4E9F-8F79-7CE0F88D75FA}.Release|Any CPU.ActiveCfg = Release|Any CPU
		{71209F18-8381-4E9F-8F79-7CE0F88D75FA}.Release|Any CPU.Build.0 = Release|Any CPU
		{2A7260CA-3743-4CAA-98C5-D6E49356DC4C}.Debug|Any CPU.ActiveCfg = Debug|Any CPU
		{2A7260CA-3743-4CAA-98C5-D6E49356DC4C}.Debug|Any CPU.Build.0 = Debug|Any CPU
		{2A7260CA-3743-4CAA-98C5-D6E49356DC4C}.Release|Any CPU.ActiveCfg = Release|Any CPU
		{2A7260CA-3743-4CAA-98C5-D6E49356DC4C}.Release|Any CPU.Build.0 = Release|Any CPU
		{5A6037EA-DAD8-4855-80C2-E39611128979}.Debug|Any CPU.ActiveCfg = Debug|Any CPU
		{5A6037EA-DAD8-4855-80C2-E39611128979}.Debug|Any CPU.Build.0 = Debug|Any CPU
		{5A6037EA-DAD8-4855-80C2-E39611128979}.Release|Any CPU.ActiveCfg = Release|Any CPU
		{5A6037EA-DAD8-4855-80C2-E39611128979}.Release|Any CPU.Build.0 = Release|Any CPU
	EndGlobalSection
	GlobalSection(SolutionProperties) = preSolution
		HideSolutionNode = FALSE
	EndGlobalSection
	GlobalSection(ExtensibilityGlobals) = postSolution
		SolutionGuid = {828903B0-205C-44F5-9172-30C0E9CA880E}
	EndGlobalSection
EndGlobal
